
Microsoft Visual Studio Solution File, Format Version 12.00
# Visual Studio Version 17
VisualStudioVersion = 17.13.35931.197
MinimumVisualStudioVersion = 10.0.40219.1
Project("{FAE04EC0-301F-11D3-BF4B-00C04F79EFBC}") = "ProjetoEventX", "ProjetoEventX\ProjetoEventX.csproj", "{11EF99FA-F13B-466A-AFFB-22AAF7AED351}"
EndProject
Global
	GlobalSection(SolutionConfigurationPlatforms) = preSolution
		Debug|Any CPU = Debug|Any CPU
		Release|Any CPU = Release|Any CPU
	EndGlobalSection
	GlobalSection(ProjectConfigurationPlatforms) = postSolution
		{11EF99FA-F13B-466A-AFFB-22AAF7AED351}.Debug|Any CPU.ActiveCfg = Debug|Any CPU
		{11EF99FA-F13B-466A-AFFB-22AAF7AED351}.Debug|Any CPU.Build.0 = Debug|Any CPU
		{11EF99FA-F13B-466A-AFFB-22AAF7AED351}.Release|Any CPU.ActiveCfg = Release|Any CPU
		{11EF99FA-F13B-466A-AFFB-22AAF7AED351}.Release|Any CPU.Build.0 = Release|Any CPU
	EndGlobalSection
	GlobalSection(SolutionProperties) = preSolution
		HideSolutionNode = FALSE
	EndGlobalSection
	GlobalSection(ExtensibilityGlobals) = postSolution
		SolutionGuid = {8FBE2674-AFCC-46AB-A56B-10FD0DD9ABC4}
	EndGlobalSection
EndGlobal
